<?xml version="1.0" encoding="utf-8"?>
<Project ToolsVersion="4.0" xmlns="http://schemas.microsoft.com/developer/msbuild/2003">
  <ItemGroup>
    <Filter Include="Engine">
      <UniqueIdentifier>{DBC7D3B0-C769-FE86-B024-12DB9C6585D7}</UniqueIdentifier>
    </Filter>
    <Filter Include="Engine\Core">
      <UniqueIdentifier>{130D9B61-7FC2-1357-08B7-0D2E746B0A5B}</UniqueIdentifier>
    </Filter>
    <Filter Include="Engine\Core\Containers">
      <UniqueIdentifier>{B89DE2A4-A497-0BF7-8D04-A207799D7163}</UniqueIdentifier>
    </Filter>
    <Filter Include="Engine\Core\Logging">
      <UniqueIdentifier>{A9506308-15B2-4016-9E1F-87C80A8077D5}</UniqueIdentifier>
    </Filter>
    <Filter Include="Engine\Core\Math">
      <UniqueIdentifier>{CC955B1D-B88E-7A6F-E1C0-5FF4CD185A7B}</UniqueIdentifier>
    </Filter>
    <Filter Include="Engine\Core\Memory">
      <UniqueIdentifier>{1BF1DCE2-07D5-9D38-7035-988B5C3888BA}</UniqueIdentifier>
    </Filter>
    <Filter Include="Engine\Core\Profiling">
      <UniqueIdentifier>{4C1DADAA-B889-68A5-817D-0003EDA88A0D}</UniqueIdentifier>
    </Filter>
    <Filter Include="Engine\Core\Templates">
      <UniqueIdentifier>{B19DD6FA-1D0A-92F5-E6FD-29535229B45D}</UniqueIdentifier>
    </Filter>
    <Filter Include="Engine\EventSystem">
      <UniqueIdentifier>{11AEBD3C-FD91-7E92-66F2-78E552F56814}</UniqueIdentifier>
    </Filter>
    <Filter Include="Engine\ImGui">
      <UniqueIdentifier>{45756795-31D8-F639-DA5D-2FF0C69FC2BC}</UniqueIdentifier>
    </Filter>
    <Filter Include="Engine\LayerSystem">
      <UniqueIdentifier>{CC99DCBE-B87D-9D14-21DE-97670DE18796}</UniqueIdentifier>
    </Filter>
    <Filter Include="Engine\Tests">
      <UniqueIdentifier>{DDDA2A96-C93D-BA3A-72C3-F2F05E0586BD}</UniqueIdentifier>
    </Filter>
    <Filter Include="Engine\Window">
      <UniqueIdentifier>{6210CB62-CED0-4699-970B-9016038B8B75}</UniqueIdentifier>
    </Filter>
    <Filter Include="Platform">
      <UniqueIdentifier>{2AC788B4-1694-E3BF-3FAD-D1672BD9184E}</UniqueIdentifier>
    </Filter>
    <Filter Include="Platform\OpenGL">
      <UniqueIdentifier>{1E7D2C1D-8A08-9AE1-9319-1DD6FF23F6E1}</UniqueIdentifier>
    </Filter>
    <Filter Include="Platform\Windows">
      <UniqueIdentifier>{64FBD71A-50F4-F66C-7926-DCF1657ED678}</UniqueIdentifier>
    </Filter>
    <Filter Include="Platform\Windows\Window">
      <UniqueIdentifier>{CBCFF26C-3707-3B04-4011-9F27ACC761FD}</UniqueIdentifier>
    </Filter>
  </ItemGroup>
  <ItemGroup>
    <ClInclude Include="Source\AAEngine.h" />
    <ClInclude Include="Source\Engine\AA_PreCompiledHeaders.h">
      <Filter>Engine</Filter>
    </ClInclude>
    <ClInclude Include="Source\Engine\Core\Containers\Array.h">
      <Filter>Engine\Core\Containers</Filter>
    </ClInclude>
    <ClInclude Include="Source\Engine\Core\Containers\CoreContainers.h">
      <Filter>Engine\Core\Containers</Filter>
    </ClInclude>
    <ClInclude Include="Source\Engine\Core\Containers\StaticArray.h">
      <Filter>Engine\Core\Containers</Filter>
    </ClInclude>
    <ClInclude Include="Source\Engine\Core\Core.h">
      <Filter>Engine\Core</Filter>
    </ClInclude>
    <ClInclude Include="Source\Engine\Core\EngineApplication.h">
      <Filter>Engine\Core</Filter>
    </ClInclude>
    <ClInclude Include="Source\Engine\Core\EntryPoint.h">
      <Filter>Engine\Core</Filter>
    </ClInclude>
    <ClInclude Include="Source\Engine\Core\KeyCodes.h">
      <Filter>Engine\Core</Filter>
    </ClInclude>
    <ClInclude Include="Source\Engine\Core\Logging\Log.h">
      <Filter>Engine\Core\Logging</Filter>
    </ClInclude>
    <ClInclude Include="Source\Engine\Core\Math\Color.h">
      <Filter>Engine\Core\Math</Filter>
    </ClInclude>
    <ClInclude Include="Source\Engine\Core\Math\CoreMath.h">
      <Filter>Engine\Core\Math</Filter>
    </ClInclude>
    <ClInclude Include="Source\Engine\Core\Memory\CoreMemory.h">
      <Filter>Engine\Core\Memory</Filter>
    </ClInclude>
    <ClInclude Include="Source\Engine\Core\Memory\IncludesMemory.h">
      <Filter>Engine\Core\Memory</Filter>
    </ClInclude>
    <ClInclude Include="Source\Engine\Core\Memory\Memory.h">
      <Filter>Engine\Core\Memory</Filter>
    </ClInclude>
    <ClInclude Include="Source\Engine\Core\Memory\UniquePointer.h">
      <Filter>Engine\Core\Memory</Filter>
    </ClInclude>
    <ClInclude Include="Source\Engine\Core\MouseCodes.h">
      <Filter>Engine\Core</Filter>
    </ClInclude>
    <ClInclude Include="Source\Engine\Core\Profiling\Timer.h">
      <Filter>Engine\Core\Profiling</Filter>
    </ClInclude>
    <ClInclude Include="Source\Engine\Core\Templates\AATemplates.h">
      <Filter>Engine\Core\Templates</Filter>
    </ClInclude>
    <ClInclude Include="Source\Engine\Core\Templates\AATypeTraits.h">
      <Filter>Engine\Core\Templates</Filter>
    </ClInclude>
    <ClInclude Include="Source\Engine\Core\Templates\EnableIf.h">
      <Filter>Engine\Core\Templates</Filter>
    </ClInclude>
    <ClInclude Include="Source\Engine\Core\Templates\RemoveReference.h">
      <Filter>Engine\Core\Templates</Filter>
    </ClInclude>
    <ClInclude Include="Source\Engine\EventSystem\ApplicationEvents.h">
      <Filter>Engine\EventSystem</Filter>
    </ClInclude>
    <ClInclude Include="Source\Engine\EventSystem\CoreEvents.h">
      <Filter>Engine\EventSystem</Filter>
    </ClInclude>
    <ClInclude Include="Source\Engine\EventSystem\Event.h">
      <Filter>Engine\EventSystem</Filter>
    </ClInclude>
    <ClInclude Include="Source\Engine\EventSystem\KeyEvents.h">
      <Filter>Engine\EventSystem</Filter>
    </ClInclude>
    <ClInclude Include="Source\Engine\EventSystem\MouseEvents.h">
      <Filter>Engine\EventSystem</Filter>
    </ClInclude>
    <ClInclude Include="Source\Engine\ImGui\ImGuiLayer.h">
      <Filter>Engine\ImGui</Filter>
    </ClInclude>
    <ClInclude Include="Source\Engine\LayerSystem\Layer.h">
      <Filter>Engine\LayerSystem</Filter>
    </ClInclude>
    <ClInclude Include="Source\Engine\LayerSystem\LayerStack.h">
      <Filter>Engine\LayerSystem</Filter>
    </ClInclude>
    <ClInclude Include="Source\Engine\Tests\TesterFile.h">
      <Filter>Engine\Tests</Filter>
    </ClInclude>
    <ClInclude Include="Source\Engine\Window\Window.h">
      <Filter>Engine\Window</Filter>
    </ClInclude>
    <ClInclude Include="Source\Platform\OpenGL\ImGuiOpenGLLoader.h">
      <Filter>Platform\OpenGL</Filter>
    </ClInclude>
    <ClInclude Include="Source\Platform\OpenGL\ImGuiOpenGLRenderer.h">
      <Filter>Platform\OpenGL</Filter>
    </ClInclude>
    <ClInclude Include="Source\Platform\Windows\Window\WindowsWindow.h">
      <Filter>Platform\Windows\Window</Filter>
    </ClInclude>
  </ItemGroup>
  <ItemGroup>
    <ClCompile Include="Source\Engine\AA_PreCompiledHeaders.cpp">
      <Filter>Engine</Filter>
    </ClCompile>
    <ClCompile Include="Source\Engine\Core\EngineApplication.cpp">
      <Filter>Engine\Core</Filter>
    </ClCompile>
    <ClCompile Include="Source\Engine\Core\Logging\Log.cpp">
      <Filter>Engine\Core\Logging</Filter>
    </ClCompile>
    <ClCompile Include="Source\Engine\Core\Math\Color.cpp">
      <Filter>Engine\Core\Math</Filter>
    </ClCompile>
    <ClCompile Include="Source\Engine\Core\Memory\Memory.cpp">
      <Filter>Engine\Core\Memory</Filter>
    </ClCompile>
    <ClCompile Include="Source\Engine\ImGui\ImGuiLayer.cpp">
      <Filter>Engine\ImGui</Filter>
    </ClCompile>
    <ClCompile Include="Source\Engine\LayerSystem\Layer.cpp">
      <Filter>Engine\LayerSystem</Filter>
    </ClCompile>
    <ClCompile Include="Source\Engine\LayerSystem\LayerStack.cpp">
      <Filter>Engine\LayerSystem</Filter>
    </ClCompile>
    <ClCompile Include="Source\Engine\Tests\TesterFile.cpp">
      <Filter>Engine\Tests</Filter>
    </ClCompile>
    <ClCompile Include="Source\Engine\Window\Window.cpp">
      <Filter>Engine\Window</Filter>
    </ClCompile>
    <ClCompile Include="Source\Platform\OpenGL\ImGuiOpenGLRenderer.cpp">
      <Filter>Platform\OpenGL</Filter>
    </ClCompile>
    <ClCompile Include="Source\Platform\Windows\Window\WindowsWindow.cpp">
      <Filter>Platform\Windows\Window</Filter>
    </ClCompile>
  </ItemGroup>
</Project>