<?xml version="1.0" encoding="utf-8"?>
<Project ToolsVersion="4.0" xmlns="http://schemas.microsoft.com/developer/msbuild/2003">
  <ItemGroup>
    <Filter Include="Engine">
      <UniqueIdentifier>{DBC7D3B0-C769-FE86-B024-12DB9C6585D7}</UniqueIdentifier>
    </Filter>
    <Filter Include="Engine\Core">
      <UniqueIdentifier>{130D9B61-7FC2-1357-08B7-0D2E746B0A5B}</UniqueIdentifier>
    </Filter>
    <Filter Include="Engine\Core\Containers">
      <UniqueIdentifier>{B89DE2A4-A497-0BF7-8D04-A207799D7163}</UniqueIdentifier>
    </Filter>
    <Filter Include="Engine\Core\Logging">
      <UniqueIdentifier>{A9506308-15B2-4016-9E1F-87C80A8077D5}</UniqueIdentifier>
    </Filter>
    <Filter Include="Engine\Core\Math">
      <UniqueIdentifier>{CC955B1D-B88E-7A6F-E1C0-5FF4CD185A7B}</UniqueIdentifier>
    </Filter>
    <Filter Include="Engine\Core\Memory">
      <UniqueIdentifier>{1BF1DCE2-07D5-9D38-7035-988B5C3888BA}</UniqueIdentifier>
    </Filter>
    <Filter Include="Engine\Core\Renderer">
      <UniqueIdentifier>{19B6ADAC-0545-3776-AE63-4B719AD1471C}</UniqueIdentifier>
    </Filter>
    <Filter Include="Engine\Core\Templates">
      <UniqueIdentifier>{B19DD6FA-1D0A-92F5-E6FD-29535229B45D}</UniqueIdentifier>
    </Filter>
    <Filter Include="Engine\EventSystem">
      <UniqueIdentifier>{11AEBD3C-FD91-7E92-66F2-78E552F56814}</UniqueIdentifier>
    </Filter>
    <Filter Include="Engine\ImGui">
      <UniqueIdentifier>{45756795-31D8-F639-DA5D-2FF0C69FC2BC}</UniqueIdentifier>
    </Filter>
    <Filter Include="Engine\Input">
      <UniqueIdentifier>{1AB06895-0613-F839-AF98-30F09BDAC3BC}</UniqueIdentifier>
    </Filter>
    <Filter Include="Engine\LayerSystem">
      <UniqueIdentifier>{CC99DCBE-B87D-9D14-21DE-97670DE18796}</UniqueIdentifier>
    </Filter>
    <Filter Include="Engine\Profiling">
      <UniqueIdentifier>{14F203EC-00EB-223E-291D-08C31575024A}</UniqueIdentifier>
    </Filter>
    <Filter Include="Engine\Tests">
      <UniqueIdentifier>{DDDA2A96-C93D-BA3A-72C3-F2F05E0586BD}</UniqueIdentifier>
    </Filter>
    <Filter Include="Engine\Window">
      <UniqueIdentifier>{6210CB62-CED0-4699-970B-9016038B8B75}</UniqueIdentifier>
    </Filter>
    <Filter Include="Platform">
      <UniqueIdentifier>{2AC788B4-1694-E3BF-3FAD-D1672BD9184E}</UniqueIdentifier>
    </Filter>
    <Filter Include="Platform\OpenGL">
      <UniqueIdentifier>{1E7D2C1D-8A08-9AE1-9319-1DD6FF23F6E1}</UniqueIdentifier>
    </Filter>
    <Filter Include="Platform\Windows">
      <UniqueIdentifier>{64FBD71A-50F4-F66C-7926-DCF1657ED678}</UniqueIdentifier>
    </Filter>
  </ItemGroup>
  <ItemGroup>
    <ClInclude Include="Source\AAEngine.h" />
    <ClInclude Include="Source\Engine\AA_PreCompiledHeaders.h">
      <Filter>Engine</Filter>
    </ClInclude>
    <ClInclude Include="Source\Engine\Core\Containers\Array.h">
      <Filter>Engine\Core\Containers</Filter>
    </ClInclude>
    <ClInclude Include="Source\Engine\Core\Containers\CoreContainers.h">
      <Filter>Engine\Core\Containers</Filter>
    </ClInclude>
    <ClInclude Include="Source\Engine\Core\Containers\IncludesContainers.h">
      <Filter>Engine\Core\Containers</Filter>
    </ClInclude>
    <ClInclude Include="Source\Engine\Core\Containers\StaticArray.h">
      <Filter>Engine\Core\Containers</Filter>
    </ClInclude>
    <ClInclude Include="Source\Engine\Core\Core.h">
      <Filter>Engine\Core</Filter>
    </ClInclude>
    <ClInclude Include="Source\Engine\Core\CoreForwards.h">
      <Filter>Engine\Core</Filter>
    </ClInclude>
    <ClInclude Include="Source\Engine\Core\EngineApplication.h">
      <Filter>Engine\Core</Filter>
    </ClInclude>
    <ClInclude Include="Source\Engine\Core\EntryPoint.h">
      <Filter>Engine\Core</Filter>
    </ClInclude>
    <ClInclude Include="Source\Engine\Core\Logging\Log.h">
      <Filter>Engine\Core\Logging</Filter>
    </ClInclude>
    <ClInclude Include="Source\Engine\Core\Math\Color.h">
      <Filter>Engine\Core\Math</Filter>
    </ClInclude>
    <ClInclude Include="Source\Engine\Core\Math\CoreMath.h">
      <Filter>Engine\Core\Math</Filter>
    </ClInclude>
    <ClInclude Include="Source\Engine\Core\Math\Euler.h">
      <Filter>Engine\Core\Math</Filter>
    </ClInclude>
    <ClInclude Include="Source\Engine\Core\Math\IncludesMath.h">
      <Filter>Engine\Core\Math</Filter>
    </ClInclude>
    <ClInclude Include="Source\Engine\Core\Math\Math.h">
      <Filter>Engine\Core\Math</Filter>
    </ClInclude>
    <ClInclude Include="Source\Engine\Core\Math\MathForwards.h">
      <Filter>Engine\Core\Math</Filter>
    </ClInclude>
    <ClInclude Include="Source\Engine\Core\Math\MathSISD.h">
      <Filter>Engine\Core\Math</Filter>
    </ClInclude>
    <ClInclude Include="Source\Engine\Core\Math\MathSSE.h">
      <Filter>Engine\Core\Math</Filter>
    </ClInclude>
    <ClInclude Include="Source\Engine\Core\Math\MathUtils.h">
      <Filter>Engine\Core\Math</Filter>
    </ClInclude>
    <ClInclude Include="Source\Engine\Core\Math\Matrix44.h">
      <Filter>Engine\Core\Math</Filter>
    </ClInclude>
    <ClInclude Include="Source\Engine\Core\Math\Quaternion.h">
      <Filter>Engine\Core\Math</Filter>
    </ClInclude>
    <ClInclude Include="Source\Engine\Core\Math\Transform.h">
      <Filter>Engine\Core\Math</Filter>
    </ClInclude>
    <ClInclude Include="Source\Engine\Core\Math\Vector3.h">
      <Filter>Engine\Core\Math</Filter>
    </ClInclude>
    <ClInclude Include="Source\Engine\Core\Math\Vector4.h">
      <Filter>Engine\Core\Math</Filter>
    </ClInclude>
    <ClInclude Include="Source\Engine\Core\Math\VectorRegister.h">
      <Filter>Engine\Core\Math</Filter>
    </ClInclude>
    <ClInclude Include="Source\Engine\Core\Memory\CoreMemory.h">
      <Filter>Engine\Core\Memory</Filter>
    </ClInclude>
    <ClInclude Include="Source\Engine\Core\Memory\IncludesMemory.h">
      <Filter>Engine\Core\Memory</Filter>
    </ClInclude>
    <ClInclude Include="Source\Engine\Core\Memory\Memory.h">
      <Filter>Engine\Core\Memory</Filter>
    </ClInclude>
    <ClInclude Include="Source\Engine\Core\Memory\SharedPointer.h">
      <Filter>Engine\Core\Memory</Filter>
    </ClInclude>
    <ClInclude Include="Source\Engine\Core\Memory\UniquePointer.h">
      <Filter>Engine\Core\Memory</Filter>
    </ClInclude>
    <ClInclude Include="Source\Engine\Core\Memory\WeakPointer.h">
      <Filter>Engine\Core\Memory</Filter>
    </ClInclude>
    <ClInclude Include="Source\Engine\Core\Renderer\Buffer.h">
      <Filter>Engine\Core\Renderer</Filter>
    </ClInclude>
    <ClInclude Include="Source\Engine\Core\Renderer\Camera.h">
      <Filter>Engine\Core\Renderer</Filter>
    </ClInclude>
    <ClInclude Include="Source\Engine\Core\Renderer\IncludesRenderer.h">
      <Filter>Engine\Core\Renderer</Filter>
    </ClInclude>
    <ClInclude Include="Source\Engine\Core\Renderer\RenderCommand.h">
      <Filter>Engine\Core\Renderer</Filter>
    </ClInclude>
    <ClInclude Include="Source\Engine\Core\Renderer\Renderer.h">
      <Filter>Engine\Core\Renderer</Filter>
    </ClInclude>
    <ClInclude Include="Source\Engine\Core\Renderer\RendererAPI.h">
      <Filter>Engine\Core\Renderer</Filter>
    </ClInclude>
    <ClInclude Include="Source\Engine\Core\Renderer\RenderingContext.h">
      <Filter>Engine\Core\Renderer</Filter>
    </ClInclude>
    <ClInclude Include="Source\Engine\Core\Renderer\Shader.h">
      <Filter>Engine\Core\Renderer</Filter>
    </ClInclude>
    <ClInclude Include="Source\Engine\Core\Renderer\VertexArray.h">
      <Filter>Engine\Core\Renderer</Filter>
    </ClInclude>
    <ClInclude Include="Source\Engine\Core\Templates\AATemplates.h">
      <Filter>Engine\Core\Templates</Filter>
    </ClInclude>
    <ClInclude Include="Source\Engine\Core\Templates\AATypeTraits.h">
      <Filter>Engine\Core\Templates</Filter>
    </ClInclude>
    <ClInclude Include="Source\Engine\Core\Templates\EnableIf.h">
      <Filter>Engine\Core\Templates</Filter>
    </ClInclude>
    <ClInclude Include="Source\Engine\Core\Templates\RemoveReference.h">
      <Filter>Engine\Core\Templates</Filter>
    </ClInclude>
    <ClInclude Include="Source\Engine\EventSystem\ApplicationEvents.h">
      <Filter>Engine\EventSystem</Filter>
    </ClInclude>
    <ClInclude Include="Source\Engine\EventSystem\CoreEvents.h">
      <Filter>Engine\EventSystem</Filter>
    </ClInclude>
    <ClInclude Include="Source\Engine\EventSystem\Event.h">
      <Filter>Engine\EventSystem</Filter>
    </ClInclude>
    <ClInclude Include="Source\Engine\EventSystem\KeyEvents.h">
      <Filter>Engine\EventSystem</Filter>
    </ClInclude>
    <ClInclude Include="Source\Engine\EventSystem\MouseEvents.h">
      <Filter>Engine\EventSystem</Filter>
    </ClInclude>
    <ClInclude Include="Source\Engine\ImGui\ImGuiCodes.h">
      <Filter>Engine\ImGui</Filter>
    </ClInclude>
    <ClInclude Include="Source\Engine\ImGui\ImGuiLayer.h">
      <Filter>Engine\ImGui</Filter>
    </ClInclude>
    <ClInclude Include="Source\Engine\Input\Input.h">
      <Filter>Engine\Input</Filter>
    </ClInclude>
    <ClInclude Include="Source\Engine\Input\KeyCodes.h">
      <Filter>Engine\Input</Filter>
    </ClInclude>
    <ClInclude Include="Source\Engine\Input\MouseCodes.h">
      <Filter>Engine\Input</Filter>
    </ClInclude>
    <ClInclude Include="Source\Engine\LayerSystem\Layer.h">
      <Filter>Engine\LayerSystem</Filter>
    </ClInclude>
    <ClInclude Include="Source\Engine\LayerSystem\LayerStack.h">
      <Filter>Engine\LayerSystem</Filter>
    </ClInclude>
    <ClInclude Include="Source\Engine\Profiling\Timer.h">
      <Filter>Engine\Profiling</Filter>
    </ClInclude>
    <ClInclude Include="Source\Engine\Tests\TesterFile.h">
      <Filter>Engine\Tests</Filter>
    </ClInclude>
    <ClInclude Include="Source\Engine\Window\Window.h">
      <Filter>Engine\Window</Filter>
    </ClInclude>
    <ClInclude Include="Source\Platform\CorePlatform.h">
      <Filter>Platform</Filter>
    </ClInclude>
    <ClInclude Include="Source\Platform\OpenGL\OpenGLBuffer.h">
      <Filter>Platform\OpenGL</Filter>
    </ClInclude>
    <ClInclude Include="Source\Platform\OpenGL\OpenGLRendererAPI.h">
      <Filter>Platform\OpenGL</Filter>
    </ClInclude>
    <ClInclude Include="Source\Platform\OpenGL\OpenGLRenderingContext.h">
      <Filter>Platform\OpenGL</Filter>
    </ClInclude>
    <ClInclude Include="Source\Platform\OpenGL\OpenGLShader.h">
      <Filter>Platform\OpenGL</Filter>
    </ClInclude>
    <ClInclude Include="Source\Platform\OpenGL\OpenGLVertexArray.h">
      <Filter>Platform\OpenGL</Filter>
    </ClInclude>
    <ClInclude Include="Source\Platform\PlatformProcessorDefines.h">
      <Filter>Platform</Filter>
    </ClInclude>
    <ClInclude Include="Source\Platform\Windows\WindowsInput.h">
      <Filter>Platform\Windows</Filter>
    </ClInclude>
    <ClInclude Include="Source\Platform\Windows\WindowsWindow.h">
      <Filter>Platform\Windows</Filter>
    </ClInclude>
    <ClInclude Include="Source\Platform\IncludesSIMD.h" />
    <ClInclude Include="Source\Engine\Core\Containers\Algorithms.h" />
    <ClInclude Include="Source\Engine\Core\Containers\Stack.h" />
    <ClInclude Include="Source\Engine\Core\Containers\BinarySearchTree.h" />
    <ClInclude Include="Source\Engine\Core\Containers\RedBlackTree.h" />
  </ItemGroup>
  <ItemGroup>
    <ClCompile Include="Source\Engine\AA_PreCompiledHeaders.cpp">
      <Filter>Engine</Filter>
    </ClCompile>
    <ClCompile Include="Source\Engine\Core\EngineApplication.cpp">
      <Filter>Engine\Core</Filter>
    </ClCompile>
    <ClCompile Include="Source\Engine\Core\Logging\Log.cpp">
      <Filter>Engine\Core\Logging</Filter>
    </ClCompile>
    <ClCompile Include="Source\Engine\Core\Math\Math.cpp">
      <Filter>Engine\Core\Math</Filter>
    </ClCompile>
    <ClCompile Include="Source\Engine\Core\Renderer\Buffer.cpp">
      <Filter>Engine\Core\Renderer</Filter>
    </ClCompile>
    <ClCompile Include="Source\Engine\Core\Renderer\Camera.cpp">
      <Filter>Engine\Core\Renderer</Filter>
    </ClCompile>
    <ClCompile Include="Source\Engine\Core\Renderer\RenderCommand.cpp">
      <Filter>Engine\Core\Renderer</Filter>
    </ClCompile>
    <ClCompile Include="Source\Engine\Core\Renderer\Renderer.cpp">
      <Filter>Engine\Core\Renderer</Filter>
    </ClCompile>
    <ClCompile Include="Source\Engine\Core\Renderer\RendererAPI.cpp">
      <Filter>Engine\Core\Renderer</Filter>
    </ClCompile>
    <ClCompile Include="Source\Engine\Core\Renderer\RenderingContext.cpp">
      <Filter>Engine\Core\Renderer</Filter>
    </ClCompile>
    <ClCompile Include="Source\Engine\Core\Renderer\Shader.cpp">
      <Filter>Engine\Core\Renderer</Filter>
    </ClCompile>
    <ClCompile Include="Source\Engine\Core\Renderer\VertexArray.cpp">
      <Filter>Engine\Core\Renderer</Filter>
    </ClCompile>
    <ClCompile Include="Source\Engine\ImGui\ImGuiBuild.cpp">
      <Filter>Engine\ImGui</Filter>
    </ClCompile>
    <ClCompile Include="Source\Engine\ImGui\ImGuiLayer.cpp">
      <Filter>Engine\ImGui</Filter>
    </ClCompile>
    <ClCompile Include="Source\Engine\LayerSystem\Layer.cpp">
      <Filter>Engine\LayerSystem</Filter>
    </ClCompile>
    <ClCompile Include="Source\Engine\LayerSystem\LayerStack.cpp">
      <Filter>Engine\LayerSystem</Filter>
    </ClCompile>
    <ClCompile Include="Source\Engine\Tests\TesterFile.cpp">
      <Filter>Engine\Tests</Filter>
    </ClCompile>
    <ClCompile Include="Source\Engine\Window\Window.cpp">
      <Filter>Engine\Window</Filter>
    </ClCompile>
    <ClCompile Include="Source\Platform\OpenGL\OpenGLBuffer.cpp">
      <Filter>Platform\OpenGL</Filter>
    </ClCompile>
    <ClCompile Include="Source\Platform\OpenGL\OpenGLRendererAPI.cpp">
      <Filter>Platform\OpenGL</Filter>
    </ClCompile>
    <ClCompile Include="Source\Platform\OpenGL\OpenGLRenderingContext.cpp">
      <Filter>Platform\OpenGL</Filter>
    </ClCompile>
    <ClCompile Include="Source\Platform\OpenGL\OpenGLShader.cpp">
      <Filter>Platform\OpenGL</Filter>
    </ClCompile>
    <ClCompile Include="Source\Platform\OpenGL\OpenGLVertexArray.cpp">
      <Filter>Platform\OpenGL</Filter>
    </ClCompile>
    <ClCompile Include="Source\Platform\Windows\WindowsInput.cpp">
      <Filter>Platform\Windows</Filter>
    </ClCompile>
    <ClCompile Include="Source\Platform\Windows\WindowsWindow.cpp">
      <Filter>Platform\Windows</Filter>
    </ClCompile>
  </ItemGroup>
</Project>